
Microsoft Visual Studio Solution File, Format Version 12.00
# Visual Studio Version 17
VisualStudioVersion = 17.5.33530.505
MinimumVisualStudioVersion = 10.0.40219.1
Project("{8BC9CEB8-8B4A-11D0-8D11-00A0C91BC942}") = "MT3_00_01_Con", "MT3_00_01_Con.vcxproj", "{82D89DEB-A16F-434E-AACB-018970CD226F}"
EndProject
Global
	GlobalSection(SolutionConfigurationPlatforms) = preSolution
		Debug|x64 = Debug|x64
		Release|x64 = Release|x64
	EndGlobalSection
	GlobalSection(ProjectConfigurationPlatforms) = postSolution
		{82D89DEB-A16F-434E-AACB-018970CD226F}.Debug|x64.ActiveCfg = Debug|x64
		{82D89DEB-A16F-434E-AACB-018970CD226F}.Debug|x64.Build.0 = Debug|x64
		{82D89DEB-A16F-434E-AACB-018970CD226F}.Release|x64.ActiveCfg = Release|x64
		{82D89DEB-A16F-434E-AACB-018970CD226F}.Release|x64.Build.0 = Release|x64
	EndGlobalSection
	GlobalSection(SolutionProperties) = preSolution
		HideSolutionNode = FALSE
	EndGlobalSection
	GlobalSection(ExtensibilityGlobals) = postSolution
		SolutionGuid = {8BE2408B-7016-4DED-A574-80287875ECC7}
	EndGlobalSection
EndGlobal
